Microsoft Visual Studio Solution File, Format Version 12.00
# Visual Studio Version 17
VisualStudioVersion = 17.5.2.0
MinimumVisualStudioVersion = 10.0.40219.1
Project("{2150E333-8FDC-42A3-9474-1A3956D46DE8}") = "RecipeBuilder", "RecipeBuilder", "{20939F57-8621-5654-1059-EB38B84EC06B}"
EndProject
Project("{FAE04EC0-301F-11D3-BF4B-00C04F79EFBC}") = "RecipeBuilder.API", "RecipeBuilder\RecipeBuilder.API\RecipeBuilder.API.csproj", "{04D76B21-2E56-FB7D-759C-B426C0535A82}"
EndProject
Global
	GlobalSection(SolutionConfigurationPlatforms) = preSolution
		Debug|Any CPU = Debug|Any CPU
		Release|Any CPU = Release|Any CPU
	EndGlobalSection
	GlobalSection(ProjectConfigurationPlatforms) = postSolution
		{04D76B21-2E56-FB7D-759C-B426C0535A82}.Debug|Any CPU.ActiveCfg = Debug|Any CPU
		{04D76B21-2E56-FB7D-759C-B426C0535A82}.Debug|Any CPU.Build.0 = Debug|Any CPU
		{04D76B21-2E56-FB7D-759C-B426C0535A82}.Release|Any CPU.ActiveCfg = Release|Any CPU
		{04D76B21-2E56-FB7D-759C-B426C0535A82}.Release|Any CPU.Build.0 = Release|Any CPU
	EndGlobalSection
	GlobalSection(SolutionProperties) = preSolution
		HideSolutionNode = FALSE
	EndGlobalSection
	GlobalSection(NestedProjects) = preSolution
		{04D76B21-2E56-FB7D-759C-B426C0535A82} = {20939F57-8621-5654-1059-EB38B84EC06B}
	EndGlobalSection
	GlobalSection(ExtensibilityGlobals) = postSolution
		SolutionGuid = {4105FF74-A49F-4A8B-BD02-8A962EE6A63A}
	EndGlobalSection
EndGlobal
